
Microsoft Visual Studio Solution File, Format Version 12.00
# Visual Studio 15
VisualStudioVersion = 15.0.28307.645
MinimumVisualStudioVersion = 10.0.40219.1
Project("{FAE04EC0-301F-11D3-BF4B-00C04F79EFBC}") = "jsonLTParser", "jsonLTParser\jsonLTParser.csproj", "{DCEC1616-8595-4F2D-8166-C2AA3EE32AA4}"
EndProject
Global
	GlobalSection(SolutionConfigurationPlatforms) = preSolution
		Debug|Any CPU = Debug|Any CPU
		Release|Any CPU = Release|Any CPU
	EndGlobalSection
	GlobalSection(ProjectConfigurationPlatforms) = postSolution
		{DCEC1616-8595-4F2D-8166-C2AA3EE32AA4}.Debug|Any CPU.ActiveCfg = Debug|Any CPU
		{DCEC1616-8595-4F2D-8166-C2AA3EE32AA4}.Debug|Any CPU.Build.0 = Debug|Any CPU
		{DCEC1616-8595-4F2D-8166-C2AA3EE32AA4}.Release|Any CPU.ActiveCfg = Release|Any CPU
		{DCEC1616-8595-4F2D-8166-C2AA3EE32AA4}.Release|Any CPU.Build.0 = Release|Any CPU
	EndGlobalSection
	GlobalSection(SolutionProperties) = preSolution
		HideSolutionNode = FALSE
	EndGlobalSection
	GlobalSection(ExtensibilityGlobals) = postSolution
		SolutionGuid = {9ADFB64C-B28D-40CA-B85E-96C9C753D8BC}
	EndGlobalSection
EndGlobal
